
Microsoft Visual Studio Solution File, Format Version 12.00
# Visual Studio Version 17
VisualStudioVersion = 17.6.33829.357
MinimumVisualStudioVersion = 10.0.40219.1
Project("{9A19103F-16F7-4668-BE54-9A1E7A4F7556}") = "CC.Passwordless.API", "CC.Passwordless.API\CC.Passwordless.API.csproj", "{4440AC27-4A19-4965-A2F7-FBDBE61CF3AA}"
EndProject
Project("{FAE04EC0-301F-11D3-BF4B-00C04F79EFBC}") = "CC.PasswordLess.UnitTest", "CC.PasswordLess.UnitTest\CC.PasswordLess.UnitTest.csproj", "{B60949F0-DEBA-41A2-9B1B-FC269BEE6263}"
EndProject
Global
	GlobalSection(SolutionConfigurationPlatforms) = preSolution
		Debug|Any CPU = Debug|Any CPU
		Release|Any CPU = Release|Any CPU
	EndGlobalSection
	GlobalSection(ProjectConfigurationPlatforms) = postSolution
		{4440AC27-4A19-4965-A2F7-FBDBE61CF3AA}.Debug|Any CPU.ActiveCfg = Debug|Any CPU
		{4440AC27-4A19-4965-A2F7-FBDBE61CF3AA}.Debug|Any CPU.Build.0 = Debug|Any CPU
		{4440AC27-4A19-4965-A2F7-FBDBE61CF3AA}.Release|Any CPU.ActiveCfg = Release|Any CPU
		{4440AC27-4A19-4965-A2F7-FBDBE61CF3AA}.Release|Any CPU.Build.0 = Release|Any CPU
		{B60949F0-DEBA-41A2-9B1B-FC269BEE6263}.Debug|Any CPU.ActiveCfg = Debug|Any CPU
		{B60949F0-DEBA-41A2-9B1B-FC269BEE6263}.Debug|Any CPU.Build.0 = Debug|Any CPU
		{B60949F0-DEBA-41A2-9B1B-FC269BEE6263}.Release|Any CPU.ActiveCfg = Release|Any CPU
		{B60949F0-DEBA-41A2-9B1B-FC269BEE6263}.Release|Any CPU.Build.0 = Release|Any CPU
	EndGlobalSection
	GlobalSection(SolutionProperties) = preSolution
		HideSolutionNode = FALSE
	EndGlobalSection
	GlobalSection(ExtensibilityGlobals) = postSolution
		SolutionGuid = {9F5028DA-28D6-4E9C-B182-CF2D39AF5E4E}
	EndGlobalSection
EndGlobal
